
Microsoft Visual Studio Solution File, Format Version 12.00
# Visual Studio 15
Project("{FAE04EC0-301F-11D3-BF4B-00C04F79EFBC}") = "DriverTracker", "DriverTracker\DriverTracker.csproj", "{66E9B609-4AC7-4C48-8F4C-02DAAA648792}"
EndProject
Project("{FAE04EC0-301F-11D3-BF4B-00C04F79EFBC}") = "DriverTracker.Tests", "DriverTracker.Tests\DriverTracker.Tests.csproj", "{AD11639B-0F94-46FB-9E44-C2A8C8D216DA}"
EndProject
Project("{FAE04EC0-301F-11D3-BF4B-00C04F79EFBC}") = "DriverTracker.Mobile", "DriverTracker.Mobile\DriverTracker.Mobile.csproj", "{046511BF-FF1C-461C-A975-8B5277B86AAB}"
EndProject
Project("{FAE04EC0-301F-11D3-BF4B-00C04F79EFBC}") = "DriverTracker.Mobile.iOS", "iOS\DriverTracker.Mobile.iOS.csproj", "{077FDBF1-DB92-41E9-98DE-35B5FDA50E99}"
EndProject
Project("{FAE04EC0-301F-11D3-BF4B-00C04F79EFBC}") = "DriverTracker.Mobile.Droid", "DriverTracker.Mobile.Droid\DriverTracker.Mobile.Droid.csproj", "{72785BBB-2657-43D7-835E-AE1E996796E8}"
EndProject
Global
	GlobalSection(SolutionConfigurationPlatforms) = preSolution
		Debug|Any CPU = Debug|Any CPU
		Release|Any CPU = Release|Any CPU
		Debug|iPhoneSimulator = Debug|iPhoneSimulator
		Release|iPhone = Release|iPhone
		Release|iPhoneSimulator = Release|iPhoneSimulator
		Debug|iPhone = Debug|iPhone
	EndGlobalSection
	GlobalSection(ProjectConfigurationPlatforms) = postSolution
		{66E9B609-4AC7-4C48-8F4C-02DAAA648792}.Debug|Any CPU.ActiveCfg = Debug|Any CPU
		{66E9B609-4AC7-4C48-8F4C-02DAAA648792}.Debug|Any CPU.Build.0 = Debug|Any CPU
		{66E9B609-4AC7-4C48-8F4C-02DAAA648792}.Release|Any CPU.ActiveCfg = Release|Any CPU
		{66E9B609-4AC7-4C48-8F4C-02DAAA648792}.Release|Any CPU.Build.0 = Release|Any CPU
		{66E9B609-4AC7-4C48-8F4C-02DAAA648792}.Debug|iPhoneSimulator.ActiveCfg = Debug|Any CPU
		{66E9B609-4AC7-4C48-8F4C-02DAAA648792}.Debug|iPhoneSimulator.Build.0 = Debug|Any CPU
		{66E9B609-4AC7-4C48-8F4C-02DAAA648792}.Release|iPhone.ActiveCfg = Release|Any CPU
		{66E9B609-4AC7-4C48-8F4C-02DAAA648792}.Release|iPhone.Build.0 = Release|Any CPU
		{66E9B609-4AC7-4C48-8F4C-02DAAA648792}.Release|iPhoneSimulator.ActiveCfg = Release|Any CPU
		{66E9B609-4AC7-4C48-8F4C-02DAAA648792}.Release|iPhoneSimulator.Build.0 = Release|Any CPU
		{66E9B609-4AC7-4C48-8F4C-02DAAA648792}.Debug|iPhone.ActiveCfg = Debug|Any CPU
		{66E9B609-4AC7-4C48-8F4C-02DAAA648792}.Debug|iPhone.Build.0 = Debug|Any CPU
		{AD11639B-0F94-46FB-9E44-C2A8C8D216DA}.Debug|Any CPU.ActiveCfg = Debug|Any CPU
		{AD11639B-0F94-46FB-9E44-C2A8C8D216DA}.Debug|Any CPU.Build.0 = Debug|Any CPU
		{AD11639B-0F94-46FB-9E44-C2A8C8D216DA}.Release|Any CPU.ActiveCfg = Release|Any CPU
		{AD11639B-0F94-46FB-9E44-C2A8C8D216DA}.Release|Any CPU.Build.0 = Release|Any CPU
		{AD11639B-0F94-46FB-9E44-C2A8C8D216DA}.Debug|iPhoneSimulator.ActiveCfg = Debug|Any CPU
		{AD11639B-0F94-46FB-9E44-C2A8C8D216DA}.Debug|iPhoneSimulator.Build.0 = Debug|Any CPU
		{AD11639B-0F94-46FB-9E44-C2A8C8D216DA}.Release|iPhone.ActiveCfg = Release|Any CPU
		{AD11639B-0F94-46FB-9E44-C2A8C8D216DA}.Release|iPhone.Build.0 = Release|Any CPU
		{AD11639B-0F94-46FB-9E44-C2A8C8D216DA}.Release|iPhoneSimulator.ActiveCfg = Release|Any CPU
		{AD11639B-0F94-46FB-9E44-C2A8C8D216DA}.Release|iPhoneSimulator.Build.0 = Release|Any CPU
		{AD11639B-0F94-46FB-9E44-C2A8C8D216DA}.Debug|iPhone.ActiveCfg = Debug|Any CPU
		{AD11639B-0F94-46FB-9E44-C2A8C8D216DA}.Debug|iPhone.Build.0 = Debug|Any CPU
		{046511BF-FF1C-461C-A975-8B5277B86AAB}.Debug|Any CPU.ActiveCfg = Debug|Any CPU
		{046511BF-FF1C-461C-A975-8B5277B86AAB}.Debug|Any CPU.Build.0 = Debug|Any CPU
		{046511BF-FF1C-461C-A975-8B5277B86AAB}.Release|Any CPU.ActiveCfg = Release|Any CPU
		{046511BF-FF1C-461C-A975-8B5277B86AAB}.Release|Any CPU.Build.0 = Release|Any CPU
		{046511BF-FF1C-461C-A975-8B5277B86AAB}.Debug|iPhoneSimulator.ActiveCfg = Debug|Any CPU
		{046511BF-FF1C-461C-A975-8B5277B86AAB}.Debug|iPhoneSimulator.Build.0 = Debug|Any CPU
		{046511BF-FF1C-461C-A975-8B5277B86AAB}.Release|iPhone.ActiveCfg = Release|Any CPU
		{046511BF-FF1C-461C-A975-8B5277B86AAB}.Release|iPhone.Build.0 = Release|Any CPU
		{046511BF-FF1C-461C-A975-8B5277B86AAB}.Release|iPhoneSimulator.ActiveCfg = Release|Any CPU
		{046511BF-FF1C-461C-A975-8B5277B86AAB}.Release|iPhoneSimulator.Build.0 = Release|Any CPU
		{046511BF-FF1C-461C-A975-8B5277B86AAB}.Debug|iPhone.ActiveCfg = Debug|Any CPU
		{046511BF-FF1C-461C-A975-8B5277B86AAB}.Debug|iPhone.Build.0 = Debug|Any CPU
		{077FDBF1-DB92-41E9-98DE-35B5FDA50E99}.Debug|Any CPU.ActiveCfg = Debug|iPhoneSimulator
		{077FDBF1-DB92-41E9-98DE-35B5FDA50E99}.Debug|Any CPU.Build.0 = Debug|iPhoneSimulator
		{077FDBF1-DB92-41E9-98DE-35B5FDA50E99}.Release|Any CPU.ActiveCfg = Release|iPhone
		{077FDBF1-DB92-41E9-98DE-35B5FDA50E99}.Release|Any CPU.Build.0 = Release|iPhone
		{077FDBF1-DB92-41E9-98DE-35B5FDA50E99}.Debug|iPhoneSimulator.ActiveCfg = Debug|iPhoneSimulator
		{077FDBF1-DB92-41E9-98DE-35B5FDA50E99}.Debug|iPhoneSimulator.Build.0 = Debug|iPhoneSimulator
		{077FDBF1-DB92-41E9-98DE-35B5FDA50E99}.Release|iPhone.ActiveCfg = Release|iPhone
		{077FDBF1-DB92-41E9-98DE-35B5FDA50E99}.Release|iPhone.Build.0 = Release|iPhone
		{077FDBF1-DB92-41E9-98DE-35B5FDA50E99}.Release|iPhoneSimulator.ActiveCfg = Release|iPhoneSimulator
		{077FDBF1-DB92-41E9-98DE-35B5FDA50E99}.Release|iPhoneSimulator.Build.0 = Release|iPhoneSimulator
		{077FDBF1-DB92-41E9-98DE-35B5FDA50E99}.Debug|iPhone.ActiveCfg = Debug|iPhone
		{077FDBF1-DB92-41E9-98DE-35B5FDA50E99}.Debug|iPhone.Build.0 = Debug|iPhone
		{72785BBB-2657-43D7-835E-AE1E996796E8}.Debug|Any CPU.ActiveCfg = Debug|Any CPU
		{72785BBB-2657-43D7-835E-AE1E996796E8}.Debug|Any CPU.Build.0 = Debug|Any CPU
		{72785BBB-2657-43D7-835E-AE1E996796E8}.Release|Any CPU.ActiveCfg = Release|Any CPU
		{72785BBB-2657-43D7-835E-AE1E996796E8}.Release|Any CPU.Build.0 = Release|Any CPU
		{72785BBB-2657-43D7-835E-AE1E996796E8}.Debug|iPhoneSimulator.ActiveCfg = Debug|Any CPU
		{72785BBB-2657-43D7-835E-AE1E996796E8}.Debug|iPhoneSimulator.Build.0 = Debug|Any CPU
		{72785BBB-2657-43D7-835E-AE1E996796E8}.Release|iPhone.ActiveCfg = Release|Any CPU
		{72785BBB-2657-43D7-835E-AE1E996796E8}.Release|iPhone.Build.0 = Release|Any CPU
		{72785BBB-2657-43D7-835E-AE1E996796E8}.Release|iPhoneSimulator.ActiveCfg = Release|Any CPU
		{72785BBB-2657-43D7-835E-AE1E996796E8}.Release|iPhoneSimulator.Build.0 = Release|Any CPU
		{72785BBB-2657-43D7-835E-AE1E996796E8}.Debug|iPhone.ActiveCfg = Debug|Any CPU
		{72785BBB-2657-43D7-835E-AE1E996796E8}.Debug|iPhone.Build.0 = Debug|Any CPU
	EndGlobalSection
EndGlobal
